{
  "object": {
    "pins": [
      {
        "package": "SQLite.swift",
        "repositoryURL": "https://github.com/stephencelis/SQLite.swift.git",
        "state": {
          "branch": null,
          "revision": "691fc89e75873d417d700920e79a63cf210d1d71",
          "version": "0.12.0"
        }
      },
      {
        "package": "SnapshotTesting",
        "repositoryURL": "https://github.com/pointfreeco/swift-snapshot-testing.git",
        "state": {
          "branch": null,
          "revision": "883f0b0623ae55f41f42e2399dab428017896448",
          "version": "1.5.0"
        }
      }
    ]
  },
  "version": 1
}
